
Microsoft Visual Studio Solution File, Format Version 12.00
# Visual Studio Version 16
VisualStudioVersion = 16.0.31205.134
MinimumVisualStudioVersion = 10.0.40219.1
Project("{9A19103F-16F7-4668-BE54-9A1E7A4F7556}") = "MVC_BugTracker", "MVC_BugTracker.csproj", "{6F9BB25A-4AB7-4D7B-9DF8-EC672B763160}"
EndProject
Global
	GlobalSection(SolutionConfigurationPlatforms) = preSolution
		Debug|Any CPU = Debug|Any CPU
		Release|Any CPU = Release|Any CPU
	EndGlobalSection
	GlobalSection(ProjectConfigurationPlatforms) = postSolution
		{6F9BB25A-4AB7-4D7B-9DF8-EC672B763160}.Debug|Any CPU.ActiveCfg = Debug|Any CPU
		{6F9BB25A-4AB7-4D7B-9DF8-EC672B763160}.Debug|Any CPU.Build.0 = Debug|Any CPU
		{6F9BB25A-4AB7-4D7B-9DF8-EC672B763160}.Release|Any CPU.ActiveCfg = Release|Any CPU
		{6F9BB25A-4AB7-4D7B-9DF8-EC672B763160}.Release|Any CPU.Build.0 = Release|Any CPU
	EndGlobalSection
	GlobalSection(SolutionProperties) = preSolution
		HideSolutionNode = FALSE
	EndGlobalSection
	GlobalSection(ExtensibilityGlobals) = postSolution
		SolutionGuid = {BC8AAF2F-F3C7-4894-8966-ECE83266C76A}
	EndGlobalSection
EndGlobal
